
Microsoft Visual Studio Solution File, Format Version 12.00
# Visual Studio Version 17
VisualStudioVersion = 17.5.002.0
MinimumVisualStudioVersion = 10.0.40219.1
Project("{9A19103F-16F7-4668-BE54-9A1E7A4F7556}") = "src", "src\GraphInterconected.csproj", "{7273B6CA-B6B8-4920-B9B9-75364B5DB3C6}"
EndProject
Global
	GlobalSection(SolutionConfigurationPlatforms) = preSolution
		Debug|Any CPU = Debug|Any CPU
		Release|Any CPU = Release|Any CPU
	EndGlobalSection
	GlobalSection(ProjectConfigurationPlatforms) = postSolution
		{7273B6CA-B6B8-4920-B9B9-75364B5DB3C6}.Debug|Any CPU.ActiveCfg = Debug|Any CPU
		{7273B6CA-B6B8-4920-B9B9-75364B5DB3C6}.Debug|Any CPU.Build.0 = Debug|Any CPU
		{7273B6CA-B6B8-4920-B9B9-75364B5DB3C6}.Release|Any CPU.ActiveCfg = Release|Any CPU
		{7273B6CA-B6B8-4920-B9B9-75364B5DB3C6}.Release|Any CPU.Build.0 = Release|Any CPU
	EndGlobalSection
	GlobalSection(SolutionProperties) = preSolution
		HideSolutionNode = FALSE
	EndGlobalSection
	GlobalSection(ExtensibilityGlobals) = postSolution
		SolutionGuid = {7BF51718-07C3-4BFB-906C-D795250A32E3}
	EndGlobalSection
EndGlobal
